
Microsoft Visual Studio Solution File, Format Version 12.00
# Visual Studio 2012
Project("{FAE04EC0-301F-11D3-BF4B-00C04F79EFBC}") = "IISRedirection", "IISRedirection.csproj", "{EEDA408D-FDE4-4749-8E02-95438E13AFAA}"
EndProject
Global
	GlobalSection(SolutionConfigurationPlatforms) = preSolution
		Debug|Any CPU = Debug|Any CPU
		Release|Any CPU = Release|Any CPU
	EndGlobalSection
	GlobalSection(ProjectConfigurationPlatforms) = postSolution
		{EEDA408D-FDE4-4749-8E02-95438E13AFAA}.Debug|Any CPU.ActiveCfg = Debug|Any CPU
		{EEDA408D-FDE4-4749-8E02-95438E13AFAA}.Debug|Any CPU.Build.0 = Debug|Any CPU
		{EEDA408D-FDE4-4749-8E02-95438E13AFAA}.Release|Any CPU.ActiveCfg = Release|Any CPU
		{EEDA408D-FDE4-4749-8E02-95438E13AFAA}.Release|Any CPU.Build.0 = Release|Any CPU
	EndGlobalSection
	GlobalSection(SolutionProperties) = preSolution
		HideSolutionNode = FALSE
	EndGlobalSection
EndGlobal
